
Microsoft Visual Studio Solution File, Format Version 12.00
# Visual Studio Version 17
VisualStudioVersion = 17.1.32414.318
MinimumVisualStudioVersion = 10.0.40219.1
Project("{FAE04EC0-301F-11D3-BF4B-00C04F79EFBC}") = "tic-tac-toe", "tic-tac-toe\tic-tac-toe.csproj", "{5AA3FD48-DC42-46D0-92DE-145FEB7025AF}"
EndProject
Global
	GlobalSection(SolutionConfigurationPlatforms) = preSolution
		Debug|Any CPU = Debug|Any CPU
		Release|Any CPU = Release|Any CPU
	EndGlobalSection
	GlobalSection(ProjectConfigurationPlatforms) = postSolution
		{5AA3FD48-DC42-46D0-92DE-145FEB7025AF}.Debug|Any CPU.ActiveCfg = Debug|Any CPU
		{5AA3FD48-DC42-46D0-92DE-145FEB7025AF}.Debug|Any CPU.Build.0 = Debug|Any CPU
		{5AA3FD48-DC42-46D0-92DE-145FEB7025AF}.Release|Any CPU.ActiveCfg = Release|Any CPU
		{5AA3FD48-DC42-46D0-92DE-145FEB7025AF}.Release|Any CPU.Build.0 = Release|Any CPU
	EndGlobalSection
	GlobalSection(SolutionProperties) = preSolution
		HideSolutionNode = FALSE
	EndGlobalSection
	GlobalSection(ExtensibilityGlobals) = postSolution
		SolutionGuid = {93F190BB-695E-4E04-8005-B49814EED683}
	EndGlobalSection
EndGlobal
